# This file is automatically @generated by Poetry and should not be changed by hand.

[[package]]
name = "bleach"
version = "6.0.0"
description = "An easy safelist-based HTML-sanitizing tool."
category = "dev"
optional = false
python-versions = ">=3.7"
files = [
    {file = "bleach-6.0.0-py3-none-any.whl", hash = "sha256:33c16e3353dbd13028ab4799a0f89a83f113405c766e9c122df8a06f5b85b3f4"},
    {file = "bleach-6.0.0.tar.gz", hash = "sha256:1a1a85c1595e07d8db14c5f09f09e6433502c51c595970edc090551f0db99414"},
]

[package.dependencies]
six = ">=1.9.0"
webencodings = "*"

[package.extras]
css = ["tinycss2 (>=1.1.0,<1.2)"]

[[package]]
name = "docutils"
version = "0.19"
description = "Docutils -- Python Documentation Utilities"
category = "dev"
optional = false
python-versions = ">=3.7"
files = [
    {file = "docutils-0.19-py3-none-any.whl", hash = "sha256:5e1de4d849fee02c63b040a4a3fd567f4ab104defd8a5511fbbc24a8a017efbc"},
    {file = "docutils-0.19.tar.gz", hash = "sha256:33995a6753c30b7f577febfc2c50411fec6aac7f7ffeb7c4cfe5991072dcf9e6"},
]

[[package]]
name = "minify-html"
version = "0.10.8"
description = "Extremely fast and smart HTML + JS + CSS minifier"
category = "main"
optional = false
python-versions = "*"
files = [
    {file = "minify_html-0.10.8-cp310-cp310-macosx_10_7_x86_64.whl", hash = "sha256:3f800494f60fc08fbd25c57a56450ce2681fe2e5bc495974d66a8c8f74bde340"},
    {file = "minify_html-0.10.8-cp310-cp310-manylinux_2_27_x86_64.whl", hash = "sha256:282f3439eb0cec40d3f502350a1e31e2c8d4e4d789d10b900f7eb2e84a318c6c"},
    {file = "minify_html-0.10.8-cp310-cp310-manylinux_2_28_aarch64.whl", hash = "sha256:545645ca071968c90e96385c90a0711b88a38202c6ff119882d21503e50b067b"},
    {file = "minify_html-0.10.8-cp310-none-win_amd64.whl", hash = "sha256:4c0c17b4919094a134109e93884142e0b3b43f033ccaa8f68d285ec0b306a211"},
    {file = "minify_html-0.10.8-cp311-cp311-macosx_10_7_x86_64.whl", hash = "sha256:86fd41113d50dbc5c6e46c30a23e4c1d605dd6f0a8281b5280155d4029d4795a"},
    {file = "minify_html-0.10.8-cp311-cp311-manylinux_2_27_x86_64.whl", hash = "sha256:dc43ea3898bd677612b101dca91fb6deebdb2f2a0ecbd3b85ea107b6d29ba632"},
    {file = "minify_html-0.10.8-cp311-cp311-manylinux_2_28_aarch64.whl", hash = "sha256:2223cc29068da4d22590e15804ff08b0f75b53c1f7312602a5dc44294a933e4e"},
    {file = "minify_html-0.10.8-cp311-none-win_amd64.whl", hash = "sha256:263249b5378ab58ba161817f1b74da600ec3387bd06055c63ce98f172d5f5b81"},
    {file = "minify_html-0.10.8-cp38-cp38-macosx_10_7_x86_64.whl", hash = "sha256:c3327bfd027488e48ca90768c9cf94f5b39707ab116c6304304f97f4c944bf65"},
    {file = "minify_html-0.10.8-cp38-cp38-manylinux_2_27_x86_64.whl", hash = "sha256:c2f5d8f5105ac70b010f759bb3d60d62ff39a5bfb26396e172d9451411e10a66"},
    {file = "minify_html-0.10.8-cp38-cp38-manylinux_2_28_aarch64.whl", hash = "sha256:37040cc1482105b4e790504df62b49ce5526209116d21ced180806325e6a6f1e"},
    {file = "minify_html-0.10.8-cp38-none-win_amd64.whl", hash = "sha256:0b1c1cc92cb7ac1d6dc34bad58a6e5c441e5ba820b8d5b7d881842d0cb447148"},
    {file = "minify_html-0.10.8-cp39-cp39-macosx_10_7_x86_64.whl", hash = "sha256:d9de025907139c5beea4a492f3dba54de60d7a8619b8a9ac1aa8be84b0da1922"},
    {file = "minify_html-0.10.8-cp39-cp39-manylinux_2_27_x86_64.whl", hash = "sha256:c152993c1af0cfaa9fddb1ea9b1f4fed09ca2fe67c4ebce5e52e428cce59534f"},
    {file = "minify_html-0.10.8-cp39-cp39-manylinux_2_28_aarch64.whl", hash = "sha256:702f48d8a750d556bb93cb182ad9dc46b17ca0ca76ba144e4715846858267dcf"},
    {file = "minify_html-0.10.8-cp39-none-win_amd64.whl", hash = "sha256:9701dda0af019feb0e76802731aa6bef7c7e657c1a29c94dd05070d15c8dbcf9"},
    {file = "minify_html-0.10.8.tar.gz", hash = "sha256:c8dab736e1c1bb97a870bc55e6d04bccc5871ebba5f50db3e34d43c7d15bbc9d"},
]

[[package]]
name = "pygments"
version = "2.14.0"
description = "Pygments is a syntax highlighting package written in Python."
category = "dev"
optional = false
python-versions = ">=3.6"
files = [
    {file = "Pygments-2.14.0-py3-none-any.whl", hash = "sha256:fa7bd7bd2771287c0de303af8bfdfc731f51bd2c6a47ab69d117138893b82717"},
    {file = "Pygments-2.14.0.tar.gz", hash = "sha256:b3ed06a9e8ac9a9aae5a6f5dbe78a8a58655d17b43b93c078f094ddc476ae297"},
]

[package.extras]
plugins = ["importlib-metadata"]

[[package]]
name = "readme-renderer"
version = "37.3"
description = "readme_renderer is a library for rendering \"readme\" descriptions for Warehouse"
category = "dev"
optional = false
python-versions = ">=3.7"
files = [
    {file = "readme_renderer-37.3-py3-none-any.whl", hash = "sha256:f67a16caedfa71eef48a31b39708637a6f4664c4394801a7b0d6432d13907343"},
    {file = "readme_renderer-37.3.tar.gz", hash = "sha256:cd653186dfc73055656f090f227f5cb22a046d7f71a841dfa305f55c9a513273"},
]

[package.dependencies]
bleach = ">=2.1.0"
docutils = ">=0.13.1"
Pygments = ">=2.5.1"

[package.extras]
md = ["cmarkgfm (>=0.8.0)"]

[[package]]
name = "six"
version = "1.16.0"
description = "Python 2 and 3 compatibility utilities"
category = "dev"
optional = false
python-versions = ">=2.7, !=3.0.*, !=3.1.*, !=3.2.*"
files = [
    {file = "six-1.16.0-py2.py3-none-any.whl", hash = "sha256:8abb2f1d86890a2dfb989f9a77cfcfd3e47c2a354b01111771326f8aa26e0254"},
    {file = "six-1.16.0.tar.gz", hash = "sha256:1e61c37477a1626458e36f7b1d82aa5c9b094fa4802892072e49de9c60c4c926"},
]

[[package]]
name = "webencodings"
version = "0.5.1"
description = "Character encoding aliases for legacy web content"
category = "dev"
optional = false
python-versions = "*"
files = [
    {file = "webencodings-0.5.1-py2.py3-none-any.whl", hash = "sha256:a0af1213f3c2226497a97e2b3aa01a7e4bee4f403f95be16fc9acd2947514a78"},
    {file = "webencodings-0.5.1.tar.gz", hash = "sha256:b36a1c245f2d304965eb4e0a82848379241dc04b865afcc4aab16748587e1923"},
]

[metadata]
lock-version = "2.0"
python-versions = "^3.7"
content-hash = "93ba061fa4a32fd6fc58e666d7988b64050b4e144f9ed5fea38af14025c6fdfb"
